
Microsoft Visual Studio Solution File, Format Version 12.00
# Visual Studio Version 17
VisualStudioVersion = 17.10.35013.160
MinimumVisualStudioVersion = 10.0.40219.1
Project("{FAE04EC0-301F-11D3-BF4B-00C04F79EFBC}") = "DVLD", "DVLD\DVLD.csproj", "{E32DD7D4-B28A-487C-9434-F798668B715E}"
EndProject
Project("{FAE04EC0-301F-11D3-BF4B-00C04F79EFBC}") = "DataAccessLayer", "DataAccessLayer\DataAccessLayer.csproj", "{B07CF174-3478-4988-A672-6E289A4E140E}"
EndProject
Project("{FAE04EC0-301F-11D3-BF4B-00C04F79EFBC}") = "BusinessLayer", "BusinessLayer\BusinessLayer.csproj", "{D53ECC4E-DEAC-4D1F-B6DE-19E7698E9FEF}"
EndProject
Global
	GlobalSection(SolutionConfigurationPlatforms) = preSolution
		Debug|Any CPU = Debug|Any CPU
		Release|Any CPU = Release|Any CPU
	EndGlobalSection
	GlobalSection(ProjectConfigurationPlatforms) = postSolution
		{E32DD7D4-B28A-487C-9434-F798668B715E}.Debug|Any CPU.ActiveCfg = Debug|Any CPU
		{E32DD7D4-B28A-487C-9434-F798668B715E}.Debug|Any CPU.Build.0 = Debug|Any CPU
		{E32DD7D4-B28A-487C-9434-F798668B715E}.Release|Any CPU.ActiveCfg = Release|Any CPU
		{E32DD7D4-B28A-487C-9434-F798668B715E}.Release|Any CPU.Build.0 = Release|Any CPU
		{B07CF174-3478-4988-A672-6E289A4E140E}.Debug|Any CPU.ActiveCfg = Debug|Any CPU
		{B07CF174-3478-4988-A672-6E289A4E140E}.Debug|Any CPU.Build.0 = Debug|Any CPU
		{B07CF174-3478-4988-A672-6E289A4E140E}.Release|Any CPU.ActiveCfg = Release|Any CPU
		{B07CF174-3478-4988-A672-6E289A4E140E}.Release|Any CPU.Build.0 = Release|Any CPU
		{D53ECC4E-DEAC-4D1F-B6DE-19E7698E9FEF}.Debug|Any CPU.ActiveCfg = Debug|Any CPU
		{D53ECC4E-DEAC-4D1F-B6DE-19E7698E9FEF}.Debug|Any CPU.Build.0 = Debug|Any CPU
		{D53ECC4E-DEAC-4D1F-B6DE-19E7698E9FEF}.Release|Any CPU.ActiveCfg = Release|Any CPU
		{D53ECC4E-DEAC-4D1F-B6DE-19E7698E9FEF}.Release|Any CPU.Build.0 = Release|Any CPU
	EndGlobalSection
	GlobalSection(SolutionProperties) = preSolution
		HideSolutionNode = FALSE
	EndGlobalSection
	GlobalSection(ExtensibilityGlobals) = postSolution
		SolutionGuid = {905B5F3D-269E-4AD2-97FF-5A83618B44BE}
	EndGlobalSection
EndGlobal
